// !$*UTF8*$!
{
	archiveVersion = 1;
	classes = {
	};
	objectVersion = 50;
	objects = {

/* Begin PBXBuildFile section */
		471C094A24C74EA400E573EB /* HomePresenter.swift in Sources */ = {isa = PBXBuildFile; fileRef = 471C094924C74EA400E573EB /* HomePresenter.swift */; };
		471C094D24C78D4B00E573EB /* LargeDrinkCell.swift in Sources */ = {isa = PBXBuildFile; fileRef = 471C094C24C78D4B00E573EB /* LargeDrinkCell.swift */; };
		471C094F24C78D6B00E573EB /* SmallDrinkCell.swift in Sources */ = {isa = PBXBuildFile; fileRef = 471C094E24C78D6B00E573EB /* SmallDrinkCell.swift */; };
		471C095224C78EBF00E573EB /* UICollectionViewCell+Extension.swift in Sources */ = {isa = PBXBuildFile; fileRef = 471C095124C78EBF00E573EB /* UICollectionViewCell+Extension.swift */; };
		471C095524C7F40700E573EB /* SectionHeader.swift in Sources */ = {isa = PBXBuildFile; fileRef = 471C095424C7F40700E573EB /* SectionHeader.swift */; };
		4770304F24CA021B00DD6D10 /* HomeSection.swift in Sources */ = {isa = PBXBuildFile; fileRef = 4770304E24CA021B00DD6D10 /* HomeSection.swift */; };
		479792EF2537F4180094991A /* DrinksPresenter.swift in Sources */ = {isa = PBXBuildFile; fileRef = 479792EE2537F4180094991A /* DrinksPresenter.swift */; };
		4798EAE5253BE213003C8DD1 /* Debouncer.swift in Sources */ = {isa = PBXBuildFile; fileRef = 4798EAE4253BE213003C8DD1 /* Debouncer.swift */; };
		47E38EB224C37621002115C0 /* AppDelegate.swift in Sources */ = {isa = PBXBuildFile; fileRef = 47E38EB124C37621002115C0 /* AppDelegate.swift */; };
		47E38EB424C37621002115C0 /* SceneDelegate.swift in Sources */ = {isa = PBXBuildFile; fileRef = 47E38EB324C37621002115C0 /* SceneDelegate.swift */; };
		47E38EBB24C37622002115C0 /* Assets.xcassets in Resources */ = {isa = PBXBuildFile; fileRef = 47E38EBA24C37622002115C0 /* Assets.xcassets */; };
		47E38EBE24C37622002115C0 /* LaunchScreen.storyboard in Resources */ = {isa = PBXBuildFile; fileRef = 47E38EBC24C37622002115C0 /* LaunchScreen.storyboard */; };
		47E38EC924C37622002115C0 /* CocktailRecipesTests.swift in Sources */ = {isa = PBXBuildFile; fileRef = 47E38EC824C37622002115C0 /* CocktailRecipesTests.swift */; };
		47E38ED624C39D02002115C0 /* EndpointConstructable.swift in Sources */ = {isa = PBXBuildFile; fileRef = 47E38ED524C39D02002115C0 /* EndpointConstructable.swift */; };
		47E38ED824C39DB5002115C0 /* CocktailEndpoint.swift in Sources */ = {isa = PBXBuildFile; fileRef = 47E38ED724C39DB5002115C0 /* CocktailEndpoint.swift */; };
		47E38EDB24C39ECD002115C0 /* HTTPMethod.swift in Sources */ = {isa = PBXBuildFile; fileRef = 47E38EDA24C39ECD002115C0 /* HTTPMethod.swift */; };
		47E38EDD24C3A25B002115C0 /* NetworkManager.swift in Sources */ = {isa = PBXBuildFile; fileRef = 47E38EDC24C3A25B002115C0 /* NetworkManager.swift */; };
		47E38EDF24C3A77A002115C0 /* IngredientEndpoint.swift in Sources */ = {isa = PBXBuildFile; fileRef = 47E38EDE24C3A77A002115C0 /* IngredientEndpoint.swift */; };
		47E38EE124C3B178002115C0 /* APIKey.plist in Resources */ = {isa = PBXBuildFile; fileRef = 47E38EE024C3B178002115C0 /* APIKey.plist */; };
		47E38EE324C3B517002115C0 /* HTTPTask.swift in Sources */ = {isa = PBXBuildFile; fileRef = 47E38EE224C3B517002115C0 /* HTTPTask.swift */; };
		47E38EE524C3EF06002115C0 /* URLParameterEncoder.swift in Sources */ = {isa = PBXBuildFile; fileRef = 47E38EE424C3EF06002115C0 /* URLParameterEncoder.swift */; };
		47E38EEA24C410D2002115C0 /* Drink.swift in Sources */ = {isa = PBXBuildFile; fileRef = 47E38EE924C410D2002115C0 /* Drink.swift */; };
		47E38EEC24C410E3002115C0 /* Ingredient.swift in Sources */ = {isa = PBXBuildFile; fileRef = 47E38EEB24C410E3002115C0 /* Ingredient.swift */; };
		47E38EEE24C60D03002115C0 /* TabBarController.swift in Sources */ = {isa = PBXBuildFile; fileRef = 47E38EED24C60D03002115C0 /* TabBarController.swift */; };
		47E38EF524C62D7D002115C0 /* HomeViewController.swift in Sources */ = {isa = PBXBuildFile; fileRef = 47E38EF424C62D7D002115C0 /* HomeViewController.swift */; };
		47E38EF724C62DC0002115C0 /* DrinksViewController.swift in Sources */ = {isa = PBXBuildFile; fileRef = 47E38EF624C62DC0002115C0 /* DrinksViewController.swift */; };
		47E38EF924C62DCE002115C0 /* IngredientsViewController.swift in Sources */ = {isa = PBXBuildFile; fileRef = 47E38EF824C62DCE002115C0 /* IngredientsViewController.swift */; };
		47E38EFB24C62DEA002115C0 /* SavedDrinksViewController.swift in Sources */ = {isa = PBXBuildFile; fileRef = 47E38EFA24C62DEA002115C0 /* SavedDrinksViewController.swift */; };
		9F4F19912561ECC800970314 /* UIImageView+Request.swift in Sources */ = {isa = PBXBuildFile; fileRef = 9F4F19902561ECC800970314 /* UIImageView+Request.swift */; };
		9F71CF0A2542713000A6D10C /* HomePresenterTests.swift in Sources */ = {isa = PBXBuildFile; fileRef = 9F71CF092542713000A6D10C /* HomePresenterTests.swift */; };
		9F71CF0F254275B700A6D10C /* Network.swift in Sources */ = {isa = PBXBuildFile; fileRef = 9F71CF0E254275B700A6D10C /* Network.swift */; };
		9F71CF1725427CC900A6D10C /* drinks.json in Resources */ = {isa = PBXBuildFile; fileRef = 9F71CF1625427CC900A6D10C /* drinks.json */; };
		9F8637F2253B8D6D004FA69B /* DrinkListViewController.swift in Sources */ = {isa = PBXBuildFile; fileRef = 9F8637F1253B8D6D004FA69B /* DrinkListViewController.swift */; };
		9F8637F9253B8ECE004FA69B /* DrinkListPresenter.swift in Sources */ = {isa = PBXBuildFile; fileRef = 9F8637F8253B8ECE004FA69B /* DrinkListPresenter.swift */; };
		9FA11ADC24C4A9070044C956 /* NetworkManagerTests.swift in Sources */ = {isa = PBXBuildFile; fileRef = 9FA11ADB24C4A9070044C956 /* NetworkManagerTests.swift */; };
/* End PBXBuildFile section */

/* Begin PBXContainerItemProxy section */
		47E38EC524C37622002115C0 /* PBXContainerItemProxy */ = {
			isa = PBXContainerItemProxy;
			containerPortal = 47E38EA624C37621002115C0 /* Project object */;
			proxyType = 1;
			remoteGlobalIDString = 47E38EAD24C37621002115C0;
			remoteInfo = CocktailRecipes;
		};
/* End PBXContainerItemProxy section */

/* Begin PBXFileReference section */
		471C094924C74EA400E573EB /* HomePresenter.swift */ = {isa = PBXFileReference; lastKnownFileType = sourcecode.swift; path = HomePresenter.swift; sourceTree = "<group>"; };
		471C094C24C78D4B00E573EB /* LargeDrinkCell.swift */ = {isa = PBXFileReference; lastKnownFileType = sourcecode.swift; path = LargeDrinkCell.swift; sourceTree = "<group>"; };
		471C094E24C78D6B00E573EB /* SmallDrinkCell.swift */ = {isa = PBXFileReference; lastKnownFileType = sourcecode.swift; path = SmallDrinkCell.swift; sourceTree = "<group>"; };
		471C095124C78EBF00E573EB /* UICollectionViewCell+Extension.swift */ = {isa = PBXFileReference; lastKnownFileType = sourcecode.swift; path = "UICollectionViewCell+Extension.swift"; sourceTree = "<group>"; };
		471C095424C7F40700E573EB /* SectionHeader.swift */ = {isa = PBXFileReference; lastKnownFileType = sourcecode.swift; path = SectionHeader.swift; sourceTree = "<group>"; };
		4770304E24CA021B00DD6D10 /* HomeSection.swift */ = {isa = PBXFileReference; lastKnownFileType = sourcecode.swift; path = HomeSection.swift; sourceTree = "<group>"; };
		479792EE2537F4180094991A /* DrinksPresenter.swift */ = {isa = PBXFileReference; lastKnownFileType = sourcecode.swift; path = DrinksPresenter.swift; sourceTree = "<group>"; };
		4798EAE4253BE213003C8DD1 /* Debouncer.swift */ = {isa = PBXFileReference; lastKnownFileType = sourcecode.swift; path = Debouncer.swift; sourceTree = "<group>"; };
		47E38EAE24C37621002115C0 /* CocktailRecipes.app */ = {isa = PBXFileReference; explicitFileType = wrapper.application; includeInIndex = 0; path = CocktailRecipes.app; sourceTree = BUILT_PRODUCTS_DIR; };
		47E38EB124C37621002115C0 /* AppDelegate.swift */ = {isa = PBXFileReference; lastKnownFileType = sourcecode.swift; path = AppDelegate.swift; sourceTree = "<group>"; };
		47E38EB324C37621002115C0 /* SceneDelegate.swift */ = {isa = PBXFileReference; lastKnownFileType = sourcecode.swift; path = SceneDelegate.swift; sourceTree = "<group>"; };
		47E38EBA24C37622002115C0 /* Assets.xcassets */ = {isa = PBXFileReference; lastKnownFileType = folder.assetcatalog; path = Assets.xcassets; sourceTree = "<group>"; };
		47E38EBD24C37622002115C0 /* Base */ = {isa = PBXFileReference; lastKnownFileType = file.storyboard; name = Base; path = Base.lproj/LaunchScreen.storyboard; sourceTree = "<group>"; };
		47E38EBF24C37622002115C0 /* Info.plist */ = {isa = PBXFileReference; lastKnownFileType = text.plist.xml; path = Info.plist; sourceTree = "<group>"; };
		47E38EC424C37622002115C0 /* CocktailRecipesTests.xctest */ = {isa = PBXFileReference; explicitFileType = wrapper.cfbundle; includeInIndex = 0; path = CocktailRecipesTests.xctest; sourceTree = BUILT_PRODUCTS_DIR; };
		47E38EC824C37622002115C0 /* CocktailRecipesTests.swift */ = {isa = PBXFileReference; lastKnownFileType = sourcecode.swift; path = CocktailRecipesTests.swift; sourceTree = "<group>"; };
		47E38ECA24C37622002115C0 /* Info.plist */ = {isa = PBXFileReference; lastKnownFileType = text.plist.xml; path = Info.plist; sourceTree = "<group>"; };
		47E38ED524C39D02002115C0 /* EndpointConstructable.swift */ = {isa = PBXFileReference; lastKnownFileType = sourcecode.swift; path = EndpointConstructable.swift; sourceTree = "<group>"; };
		47E38ED724C39DB5002115C0 /* CocktailEndpoint.swift */ = {isa = PBXFileReference; lastKnownFileType = sourcecode.swift; path = CocktailEndpoint.swift; sourceTree = "<group>"; };
		47E38EDA24C39ECD002115C0 /* HTTPMethod.swift */ = {isa = PBXFileReference; lastKnownFileType = sourcecode.swift; path = HTTPMethod.swift; sourceTree = "<group>"; };
		47E38EDC24C3A25B002115C0 /* NetworkManager.swift */ = {isa = PBXFileReference; lastKnownFileType = sourcecode.swift; path = NetworkManager.swift; sourceTree = "<group>"; };
		47E38EDE24C3A77A002115C0 /* IngredientEndpoint.swift */ = {isa = PBXFileReference; lastKnownFileType = sourcecode.swift; path = IngredientEndpoint.swift; sourceTree = "<group>"; };
		47E38EE024C3B178002115C0 /* APIKey.plist */ = {isa = PBXFileReference; lastKnownFileType = text.plist.xml; path = APIKey.plist; sourceTree = "<group>"; };
		47E38EE224C3B517002115C0 /* HTTPTask.swift */ = {isa = PBXFileReference; lastKnownFileType = sourcecode.swift; path = HTTPTask.swift; sourceTree = "<group>"; };
		47E38EE424C3EF06002115C0 /* URLParameterEncoder.swift */ = {isa = PBXFileReference; lastKnownFileType = sourcecode.swift; path = URLParameterEncoder.swift; sourceTree = "<group>"; };
		47E38EE924C410D2002115C0 /* Drink.swift */ = {isa = PBXFileReference; lastKnownFileType = sourcecode.swift; path = Drink.swift; sourceTree = "<group>"; };
		47E38EEB24C410E3002115C0 /* Ingredient.swift */ = {isa = PBXFileReference; lastKnownFileType = sourcecode.swift; path = Ingredient.swift; sourceTree = "<group>"; };
		47E38EED24C60D03002115C0 /* TabBarController.swift */ = {isa = PBXFileReference; lastKnownFileType = sourcecode.swift; path = TabBarController.swift; sourceTree = "<group>"; };
		47E38EF424C62D7D002115C0 /* HomeViewController.swift */ = {isa = PBXFileReference; lastKnownFileType = sourcecode.swift; path = HomeViewController.swift; sourceTree = "<group>"; };
		47E38EF624C62DC0002115C0 /* DrinksViewController.swift */ = {isa = PBXFileReference; lastKnownFileType = sourcecode.swift; path = DrinksViewController.swift; sourceTree = "<group>"; };
		47E38EF824C62DCE002115C0 /* IngredientsViewController.swift */ = {isa = PBXFileReference; lastKnownFileType = sourcecode.swift; path = IngredientsViewController.swift; sourceTree = "<group>"; };
		47E38EFA24C62DEA002115C0 /* SavedDrinksViewController.swift */ = {isa = PBXFileReference; lastKnownFileType = sourcecode.swift; path = SavedDrinksViewController.swift; sourceTree = "<group>"; };
		9F4F19902561ECC800970314 /* UIImageView+Request.swift */ = {isa = PBXFileReference; lastKnownFileType = sourcecode.swift; path = "UIImageView+Request.swift"; sourceTree = "<group>"; };
		9F65AECB2535432E0064A505 /* .swiftlint.yml */ = {isa = PBXFileReference; lastKnownFileType = text.yaml; path = .swiftlint.yml; sourceTree = "<group>"; };
		9F71CF092542713000A6D10C /* HomePresenterTests.swift */ = {isa = PBXFileReference; lastKnownFileType = sourcecode.swift; path = HomePresenterTests.swift; sourceTree = "<group>"; };
		9F71CF0E254275B700A6D10C /* Network.swift */ = {isa = PBXFileReference; lastKnownFileType = sourcecode.swift; path = Network.swift; sourceTree = "<group>"; };
		9F71CF1625427CC900A6D10C /* drinks.json */ = {isa = PBXFileReference; lastKnownFileType = text.json; path = drinks.json; sourceTree = "<group>"; };
		9F8637F1253B8D6D004FA69B /* DrinkListViewController.swift */ = {isa = PBXFileReference; lastKnownFileType = sourcecode.swift; path = DrinkListViewController.swift; sourceTree = "<group>"; };
		9F8637F8253B8ECE004FA69B /* DrinkListPresenter.swift */ = {isa = PBXFileReference; lastKnownFileType = sourcecode.swift; path = DrinkListPresenter.swift; sourceTree = "<group>"; };
		9FA11ADB24C4A9070044C956 /* NetworkManagerTests.swift */ = {isa = PBXFileReference; lastKnownFileType = sourcecode.swift; path = NetworkManagerTests.swift; sourceTree = "<group>"; };
/* End PBXFileReference section */

/* Begin PBXFrameworksBuildPhase section */
		47E38EAB24C37621002115C0 /* Frameworks */ = {
			isa = PBXFrameworksBuildPhase;
			buildActionMask = 2147483647;
			files = (
			);
			runOnlyForDeploymentPostprocessing = 0;
		};
		47E38EC124C37622002115C0 /* Frameworks */ = {
			isa = PBXFrameworksBuildPhase;
			buildActionMask = 2147483647;
			files = (
			);
			runOnlyForDeploymentPostprocessing = 0;
		};
/* End PBXFrameworksBuildPhase section */

/* Begin PBXGroup section */
		471C094B24C78D1D00E573EB /* Views */ = {
			isa = PBXGroup;
			children = (
				471C094C24C78D4B00E573EB /* LargeDrinkCell.swift */,
				471C094E24C78D6B00E573EB /* SmallDrinkCell.swift */,
			);
			path = Views;
			sourceTree = "<group>";
		};
		471C095024C78E5E00E573EB /* Extensions */ = {
			isa = PBXGroup;
			children = (
				471C095124C78EBF00E573EB /* UICollectionViewCell+Extension.swift */,
				9F4F19902561ECC800970314 /* UIImageView+Request.swift */,
			);
			path = Extensions;
			sourceTree = "<group>";
		};
		471C095324C7F3D900E573EB /* SupplementaryViews */ = {
			isa = PBXGroup;
			children = (
				471C095424C7F40700E573EB /* SectionHeader.swift */,
			);
			path = SupplementaryViews;
			sourceTree = "<group>";
		};
		4770304D24CA01FC00DD6D10 /* Models */ = {
			isa = PBXGroup;
			children = (
				4770304E24CA021B00DD6D10 /* HomeSection.swift */,
			);
			path = Models;
			sourceTree = "<group>";
		};
		4798EAE3253BE201003C8DD1 /* Utilities */ = {
			isa = PBXGroup;
			children = (
				4798EAE4253BE213003C8DD1 /* Debouncer.swift */,
			);
			path = Utilities;
			sourceTree = "<group>";
		};
		47E38EA524C37621002115C0 = {
			isa = PBXGroup;
			children = (
				9F65AECB2535432E0064A505 /* .swiftlint.yml */,
				47E38EB024C37621002115C0 /* CocktailRecipes */,
				47E38EC724C37622002115C0 /* CocktailRecipesTests */,
				47E38EAF24C37621002115C0 /* Products */,
			);
			sourceTree = "<group>";
		};
		47E38EAF24C37621002115C0 /* Products */ = {
			isa = PBXGroup;
			children = (
				47E38EAE24C37621002115C0 /* CocktailRecipes.app */,
				47E38EC424C37622002115C0 /* CocktailRecipesTests.xctest */,
			);
			name = Products;
			sourceTree = "<group>";
		};
		47E38EB024C37621002115C0 /* CocktailRecipes */ = {
			isa = PBXGroup;
			children = (
				471C095024C78E5E00E573EB /* Extensions */,
				47E38EFC24C62E03002115C0 /* Shared */,
				47E38EEF24C62CB7002115C0 /* Features */,
				47E38ED324C38254002115C0 /* Networking */,
				47E38EB124C37621002115C0 /* AppDelegate.swift */,
				47E38EB324C37621002115C0 /* SceneDelegate.swift */,
				47E38EBA24C37622002115C0 /* Assets.xcassets */,
				47E38EBC24C37622002115C0 /* LaunchScreen.storyboard */,
				47E38EBF24C37622002115C0 /* Info.plist */,
				47E38EE024C3B178002115C0 /* APIKey.plist */,
			);
			path = CocktailRecipes;
			sourceTree = "<group>";
		};
		47E38EC724C37622002115C0 /* CocktailRecipesTests */ = {
			isa = PBXGroup;
			children = (
				9F71CF0D2542757E00A6D10C /* Mocks */,
				9F71CF05254269FD00A6D10C /* Features */,
				47E38EC824C37622002115C0 /* CocktailRecipesTests.swift */,
				47E38ECA24C37622002115C0 /* Info.plist */,
				9FA11ADB24C4A9070044C956 /* NetworkManagerTests.swift */,
			);
			path = CocktailRecipesTests;
			sourceTree = "<group>";
		};
		47E38ED324C38254002115C0 /* Networking */ = {
			isa = PBXGroup;
			children = (
				47E38EE824C410C3002115C0 /* Models */,
				47E38ED924C39E9A002115C0 /* Core */,
				47E38ED424C39AD2002115C0 /* Endpoints */,
			);
			path = Networking;
			sourceTree = "<group>";
		};
		47E38ED424C39AD2002115C0 /* Endpoints */ = {
			isa = PBXGroup;
			children = (
				47E38ED724C39DB5002115C0 /* CocktailEndpoint.swift */,
				47E38EDE24C3A77A002115C0 /* IngredientEndpoint.swift */,
			);
			path = Endpoints;
			sourceTree = "<group>";
		};
		47E38ED924C39E9A002115C0 /* Core */ = {
			isa = PBXGroup;
			children = (
				47E38ED524C39D02002115C0 /* EndpointConstructable.swift */,
				47E38EDA24C39ECD002115C0 /* HTTPMethod.swift */,
				47E38EDC24C3A25B002115C0 /* NetworkManager.swift */,
				47E38EE224C3B517002115C0 /* HTTPTask.swift */,
				47E38EE424C3EF06002115C0 /* URLParameterEncoder.swift */,
			);
			path = Core;
			sourceTree = "<group>";
		};
		47E38EE824C410C3002115C0 /* Models */ = {
			isa = PBXGroup;
			children = (
				47E38EE924C410D2002115C0 /* Drink.swift */,
				47E38EEB24C410E3002115C0 /* Ingredient.swift */,
			);
			path = Models;
			sourceTree = "<group>";
		};
		47E38EEF24C62CB7002115C0 /* Features */ = {
			isa = PBXGroup;
			children = (
				47E38EF324C62D12002115C0 /* SavedDrinks */,
				47E38EF224C62D01002115C0 /* DrinkSearchByIngredient */,
				47E38EF124C62CCA002115C0 /* DrinkSearch */,
				47E38EF024C62CC4002115C0 /* Home */,
			);
			path = Features;
			sourceTree = "<group>";
		};
		47E38EF024C62CC4002115C0 /* Home */ = {
			isa = PBXGroup;
			children = (
				9F8637F5253B8E3A004FA69B /* List */,
				4770304D24CA01FC00DD6D10 /* Models */,
				471C094B24C78D1D00E573EB /* Views */,
				47E38EF424C62D7D002115C0 /* HomeViewController.swift */,
				471C094924C74EA400E573EB /* HomePresenter.swift */,
			);
			path = Home;
			sourceTree = "<group>";
		};
		47E38EF124C62CCA002115C0 /* DrinkSearch */ = {
			isa = PBXGroup;
			children = (
				47E38EF624C62DC0002115C0 /* DrinksViewController.swift */,
				479792EE2537F4180094991A /* DrinksPresenter.swift */,
			);
			path = DrinkSearch;
			sourceTree = "<group>";
		};
		47E38EF224C62D01002115C0 /* DrinkSearchByIngredient */ = {
			isa = PBXGroup;
			children = (
				47E38EF824C62DCE002115C0 /* IngredientsViewController.swift */,
			);
			path = DrinkSearchByIngredient;
			sourceTree = "<group>";
		};
		47E38EF324C62D12002115C0 /* SavedDrinks */ = {
			isa = PBXGroup;
			children = (
				47E38EFA24C62DEA002115C0 /* SavedDrinksViewController.swift */,
			);
			path = SavedDrinks;
			sourceTree = "<group>";
		};
		47E38EFC24C62E03002115C0 /* Shared */ = {
			isa = PBXGroup;
			children = (
				4798EAE3253BE201003C8DD1 /* Utilities */,
				471C095324C7F3D900E573EB /* SupplementaryViews */,
				47E38EED24C60D03002115C0 /* TabBarController.swift */,
			);
			path = Shared;
			sourceTree = "<group>";
		};
		9F71CF05254269FD00A6D10C /* Features */ = {
			isa = PBXGroup;
			children = (
				9F71CF0625426A0500A6D10C /* Home */,
			);
			path = Features;
			sourceTree = "<group>";
		};
		9F71CF0625426A0500A6D10C /* Home */ = {
			isa = PBXGroup;
			children = (
				9F71CF092542713000A6D10C /* HomePresenterTests.swift */,
			);
			path = Home;
			sourceTree = "<group>";
		};
		9F71CF0D2542757E00A6D10C /* Mocks */ = {
			isa = PBXGroup;
			children = (
				9F71CF0E254275B700A6D10C /* Network.swift */,
				9F71CF1625427CC900A6D10C /* drinks.json */,
			);
			path = Mocks;
			sourceTree = "<group>";
		};
		9F8637F5253B8E3A004FA69B /* List */ = {
			isa = PBXGroup;
			children = (
				9F8637F1253B8D6D004FA69B /* DrinkListViewController.swift */,
				9F8637F8253B8ECE004FA69B /* DrinkListPresenter.swift */,
			);
			path = List;
			sourceTree = "<group>";
		};
/* End PBXGroup section */

/* Begin PBXNativeTarget section */
		47E38EAD24C37621002115C0 /* CocktailRecipes */ = {
			isa = PBXNativeTarget;
			buildConfigurationList = 47E38ECD24C37622002115C0 /* Build configuration list for PBXNativeTarget "CocktailRecipes" */;
			buildPhases = (
				47E38EAA24C37621002115C0 /* Sources */,
				47E38EAB24C37621002115C0 /* Frameworks */,
				47E38EAC24C37621002115C0 /* Resources */,
				9F65AEC8253540670064A505 /* Swift Lint */,
			);
			buildRules = (
			);
			dependencies = (
			);
			name = CocktailRecipes;
			productName = CocktailRecipes;
			productReference = 47E38EAE24C37621002115C0 /* CocktailRecipes.app */;
			productType = "com.apple.product-type.application";
		};
		47E38EC324C37622002115C0 /* CocktailRecipesTests */ = {
			isa = PBXNativeTarget;
			buildConfigurationList = 47E38ED024C37622002115C0 /* Build configuration list for PBXNativeTarget "CocktailRecipesTests" */;
			buildPhases = (
				47E38EC024C37622002115C0 /* Sources */,
				47E38EC124C37622002115C0 /* Frameworks */,
				47E38EC224C37622002115C0 /* Resources */,
			);
			buildRules = (
			);
			dependencies = (
				47E38EC624C37622002115C0 /* PBXTargetDependency */,
			);
			name = CocktailRecipesTests;
			productName = CocktailRecipesTests;
			productReference = 47E38EC424C37622002115C0 /* CocktailRecipesTests.xctest */;
			productType = "com.apple.product-type.bundle.unit-test";
		};
/* End PBXNativeTarget section */

/* Begin PBXProject section */
		47E38EA624C37621002115C0 /* Project object */ = {
			isa = PBXProject;
			attributes = {
				LastSwiftUpdateCheck = 1160;
				LastUpgradeCheck = 1160;
				ORGANIZATIONNAME = "Eric Rado";
				TargetAttributes = {
					47E38EAD24C37621002115C0 = {
						CreatedOnToolsVersion = 11.6;
					};
					47E38EC324C37622002115C0 = {
						CreatedOnToolsVersion = 11.6;
						TestTargetID = 47E38EAD24C37621002115C0;
					};
				};
			};
			buildConfigurationList = 47E38EA924C37621002115C0 /* Build configuration list for PBXProject "CocktailRecipes" */;
			compatibilityVersion = "Xcode 9.3";
			developmentRegion = en;
			hasScannedForEncodings = 0;
			knownRegions = (
				en,
				Base,
			);
			mainGroup = 47E38EA524C37621002115C0;
			productRefGroup = 47E38EAF24C37621002115C0 /* Products */;
			projectDirPath = "";
			projectRoot = "";
			targets = (
				47E38EAD24C37621002115C0 /* CocktailRecipes */,
				47E38EC324C37622002115C0 /* CocktailRecipesTests */,
			);
		};
/* End PBXProject section */

/* Begin PBXResourcesBuildPhase section */
		47E38EAC24C37621002115C0 /* Resources */ = {
			isa = PBXResourcesBuildPhase;
			buildActionMask = 2147483647;
			files = (
				47E38EBE24C37622002115C0 /* LaunchScreen.storyboard in Resources */,
				47E38EE124C3B178002115C0 /* APIKey.plist in Resources */,
				47E38EBB24C37622002115C0 /* Assets.xcassets in Resources */,
			);
			runOnlyForDeploymentPostprocessing = 0;
		};
		47E38EC224C37622002115C0 /* Resources */ = {
			isa = PBXResourcesBuildPhase;
			buildActionMask = 2147483647;
			files = (
				9F71CF1725427CC900A6D10C /* drinks.json in Resources */,
			);
			runOnlyForDeploymentPostprocessing = 0;
		};
/* End PBXResourcesBuildPhase section */

/* Begin PBXShellScriptBuildPhase section */
		9F65AEC8253540670064A505 /* Swift Lint */ = {
			isa = PBXShellScriptBuildPhase;
			buildActionMask = 2147483647;
			files = (
			);
			inputFileListPaths = (
			);
			inputPaths = (
			);
			name = "Swift Lint";
			outputFileListPaths = (
			);
			outputPaths = (
			);
			runOnlyForDeploymentPostprocessing = 0;
			shellPath = /bin/sh;
			shellScript = "if which swiftlint >/dev/null; then\n  swiftlint\nelse\n  echo \"warning: SwiftLint not installed, download from https://github.com/realm/SwiftLint\"\nfi\n";
		};
/* End PBXShellScriptBuildPhase section */

/* Begin PBXSourcesBuildPhase section */
		47E38EAA24C37621002115C0 /* Sources */ = {
			isa = PBXSourcesBuildPhase;
			buildActionMask = 2147483647;
			files = (
				47E38EF924C62DCE002115C0 /* IngredientsViewController.swift in Sources */,
				47E38EEA24C410D2002115C0 /* Drink.swift in Sources */,
				47E38EEE24C60D03002115C0 /* TabBarController.swift in Sources */,
				47E38ED824C39DB5002115C0 /* CocktailEndpoint.swift in Sources */,
				47E38EDF24C3A77A002115C0 /* IngredientEndpoint.swift in Sources */,
				47E38ED624C39D02002115C0 /* EndpointConstructable.swift in Sources */,
				47E38EE324C3B517002115C0 /* HTTPTask.swift in Sources */,
				47E38EFB24C62DEA002115C0 /* SavedDrinksViewController.swift in Sources */,
				471C095224C78EBF00E573EB /* UICollectionViewCell+Extension.swift in Sources */,
				47E38EDB24C39ECD002115C0 /* HTTPMethod.swift in Sources */,
				47E38EF724C62DC0002115C0 /* DrinksViewController.swift in Sources */,
				47E38EDD24C3A25B002115C0 /* NetworkManager.swift in Sources */,
				471C094A24C74EA400E573EB /* HomePresenter.swift in Sources */,
				9F4F19912561ECC800970314 /* UIImageView+Request.swift in Sources */,
				471C094D24C78D4B00E573EB /* LargeDrinkCell.swift in Sources */,
				47E38EEC24C410E3002115C0 /* Ingredient.swift in Sources */,
				9F8637F2253B8D6D004FA69B /* DrinkListViewController.swift in Sources */,
				47E38EB224C37621002115C0 /* AppDelegate.swift in Sources */,
				47E38EE524C3EF06002115C0 /* URLParameterEncoder.swift in Sources */,
				4798EAE5253BE213003C8DD1 /* Debouncer.swift in Sources */,
				471C095524C7F40700E573EB /* SectionHeader.swift in Sources */,
				47E38EF524C62D7D002115C0 /* HomeViewController.swift in Sources */,
				479792EF2537F4180094991A /* DrinksPresenter.swift in Sources */,
				47E38EB424C37621002115C0 /* SceneDelegate.swift in Sources */,
				4770304F24CA021B00DD6D10 /* HomeSection.swift in Sources */,
				9F8637F9253B8ECE004FA69B /* DrinkListPresenter.swift in Sources */,
				471C094F24C78D6B00E573EB /* SmallDrinkCell.swift in Sources */,
			);
			runOnlyForDeploymentPostprocessing = 0;
		};
		47E38EC024C37622002115C0 /* Sources */ = {
			isa = PBXSourcesBuildPhase;
			buildActionMask = 2147483647;
			files = (
				9FA11ADC24C4A9070044C956 /* NetworkManagerTests.swift in Sources */,
				47E38EC924C37622002115C0 /* CocktailRecipesTests.swift in Sources */,
				9F71CF0F254275B700A6D10C /* Network.swift in Sources */,
				9F71CF0A2542713000A6D10C /* HomePresenterTests.swift in Sources */,
			);
			runOnlyForDeploymentPostprocessing = 0;
		};
/* End PBXSourcesBuildPhase section */

/* Begin PBXTargetDependency section */
		47E38EC624C37622002115C0 /* PBXTargetDependency */ = {
			isa = PBXTargetDependency;
			target = 47E38EAD24C37621002115C0 /* CocktailRecipes */;
			targetProxy = 47E38EC524C37622002115C0 /* PBXContainerItemProxy */;
		};
/* End PBXTargetDependency section */

/* Begin PBXVariantGroup section */
		47E38EBC24C37622002115C0 /* LaunchScreen.storyboard */ = {
			isa = PBXVariantGroup;
			children = (
				47E38EBD24C37622002115C0 /* Base */,
			);
			name = LaunchScreen.storyboard;
			sourceTree = "<group>";
		};
/* End PBXVariantGroup section */

/* Begin XCBuildConfiguration section */
		47E38ECB24C37622002115C0 /* Debug */ = {
			isa = XCBuildConfiguration;
			buildSettings = {
				ALWAYS_SEARCH_USER_PATHS = NO;
				CLANG_ANALYZER_NONNULL = YES;
				CLANG_ANALYZER_NUMBER_OBJECT_CONVERSION = YES_AGGRESSIVE;
				CLANG_CXX_LANGUAGE_STANDARD = "gnu++14";
				CLANG_CXX_LIBRARY = "libc++";
				CLANG_ENABLE_MODULES = YES;
				CLANG_ENABLE_OBJC_ARC = YES;
				CLANG_ENABLE_OBJC_WEAK = YES;
				CLANG_WARN_BLOCK_CAPTURE_AUTORELEASING = YES;
				CLANG_WARN_BOOL_CONVERSION = YES;
				CLANG_WARN_COMMA = YES;
				CLANG_WARN_CONSTANT_CONVERSION = YES;
				CLANG_WARN_DEPRECATED_OBJC_IMPLEMENTATIONS = YES;
				CLANG_WARN_DIRECT_OBJC_ISA_USAGE = YES_ERROR;
				CLANG_WARN_DOCUMENTATION_COMMENTS = YES;
				CLANG_WARN_EMPTY_BODY = YES;
				CLANG_WARN_ENUM_CONVERSION = YES;
				CLANG_WARN_INFINITE_RECURSION = YES;
				CLANG_WARN_INT_CONVERSION = YES;
				CLANG_WARN_NON_LITERAL_NULL_CONVERSION = YES;
				CLANG_WARN_OBJC_IMPLICIT_RETAIN_SELF = YES;
				CLANG_WARN_OBJC_LITERAL_CONVERSION = YES;
				CLANG_WARN_OBJC_ROOT_CLASS = YES_ERROR;
				CLANG_WARN_RANGE_LOOP_ANALYSIS = YES;
				CLANG_WARN_STRICT_PROTOTYPES = YES;
				CLANG_WARN_SUSPICIOUS_MOVE = YES;
				CLANG_WARN_UNGUARDED_AVAILABILITY = YES_AGGRESSIVE;
				CLANG_WARN_UNREACHABLE_CODE = YES;
				CLANG_WARN__DUPLICATE_METHOD_MATCH = YES;
				COPY_PHASE_STRIP = NO;
				DEBUG_INFORMATION_FORMAT = dwarf;
				ENABLE_STRICT_OBJC_MSGSEND = YES;
				ENABLE_TESTABILITY = YES;
				GCC_C_LANGUAGE_STANDARD = gnu11;
				GCC_DYNAMIC_NO_PIC = NO;
				GCC_NO_COMMON_BLOCKS = YES;
				GCC_OPTIMIZATION_LEVEL = 0;
				GCC_PREPROCESSOR_DEFINITIONS = (
					"DEBUG=1",
					"$(inherited)",
				);
				GCC_WARN_64_TO_32_BIT_CONVERSION = YES;
				GCC_WARN_ABOUT_RETURN_TYPE = YES_ERROR;
				GCC_WARN_UNDECLARED_SELECTOR = YES;
				GCC_WARN_UNINITIALIZED_AUTOS = YES_AGGRESSIVE;
				GCC_WARN_UNUSED_FUNCTION = YES;
				GCC_WARN_UNUSED_VARIABLE = YES;
				IPHONEOS_DEPLOYMENT_TARGET = 13.5;
				MTL_ENABLE_DEBUG_INFO = INCLUDE_SOURCE;
				MTL_FAST_MATH = YES;
				ONLY_ACTIVE_ARCH = YES;
				SDKROOT = iphoneos;
				SWIFT_ACTIVE_COMPILATION_CONDITIONS = DEBUG;
				SWIFT_OPTIMIZATION_LEVEL = "-Onone";
			};
			name = Debug;
		};
		47E38ECC24C37622002115C0 /* Release */ = {
			isa = XCBuildConfiguration;
			buildSettings = {
				ALWAYS_SEARCH_USER_PATHS = NO;
				CLANG_ANALYZER_NONNULL = YES;
				CLANG_ANALYZER_NUMBER_OBJECT_CONVERSION = YES_AGGRESSIVE;
				CLANG_CXX_LANGUAGE_STANDARD = "gnu++14";
				CLANG_CXX_LIBRARY = "libc++";
				CLANG_ENABLE_MODULES = YES;
				CLANG_ENABLE_OBJC_ARC = YES;
				CLANG_ENABLE_OBJC_WEAK = YES;
				CLANG_WARN_BLOCK_CAPTURE_AUTORELEASING = YES;
				CLANG_WARN_BOOL_CONVERSION = YES;
				CLANG_WARN_COMMA = YES;
				CLANG_WARN_CONSTANT_CONVERSION = YES;
				CLANG_WARN_DEPRECATED_OBJC_IMPLEMENTATIONS = YES;
				CLANG_WARN_DIRECT_OBJC_ISA_USAGE = YES_ERROR;
				CLANG_WARN_DOCUMENTATION_COMMENTS = YES;
				CLANG_WARN_EMPTY_BODY = YES;
				CLANG_WARN_ENUM_CONVERSION = YES;
				CLANG_WARN_INFINITE_RECURSION = YES;
				CLANG_WARN_INT_CONVERSION = YES;
				CLANG_WARN_NON_LITERAL_NULL_CONVERSION = YES;
				CLANG_WARN_OBJC_IMPLICIT_RETAIN_SELF = YES;
				CLANG_WARN_OBJC_LITERAL_CONVERSION = YES;
				CLANG_WARN_OBJC_ROOT_CLASS = YES_ERROR;
				CLANG_WARN_RANGE_LOOP_ANALYSIS = YES;
				CLANG_WARN_STRICT_PROTOTYPES = YES;
				CLANG_WARN_SUSPICIOUS_MOVE = YES;
				CLANG_WARN_UNGUARDED_AVAILABILITY = YES_AGGRESSIVE;
				CLANG_WARN_UNREACHABLE_CODE = YES;
				CLANG_WARN__DUPLICATE_METHOD_MATCH = YES;
				COPY_PHASE_STRIP = NO;
				DEBUG_INFORMATION_FORMAT = "dwarf-with-dsym";
				ENABLE_NS_ASSERTIONS = NO;
				ENABLE_STRICT_OBJC_MSGSEND = YES;
				GCC_C_LANGUAGE_STANDARD = gnu11;
				GCC_NO_COMMON_BLOCKS = YES;
				GCC_WARN_64_TO_32_BIT_CONVERSION = YES;
				GCC_WARN_ABOUT_RETURN_TYPE = YES_ERROR;
				GCC_WARN_UNDECLARED_SELECTOR = YES;
				GCC_WARN_UNINITIALIZED_AUTOS = YES_AGGRESSIVE;
				GCC_WARN_UNUSED_FUNCTION = YES;
				GCC_WARN_UNUSED_VARIABLE = YES;
				IPHONEOS_DEPLOYMENT_TARGET = 13.5;
				MTL_ENABLE_DEBUG_INFO = NO;
				MTL_FAST_MATH = YES;
				SDKROOT = iphoneos;
				SWIFT_COMPILATION_MODE = wholemodule;
				SWIFT_OPTIMIZATION_LEVEL = "-O";
				VALIDATE_PRODUCT = YES;
			};
			name = Release;
		};
		47E38ECE24C37622002115C0 /* Debug */ = {
			isa = XCBuildConfiguration;
			buildSettings = {
				ASSETCATALOG_COMPILER_APPICON_NAME = AppIcon;
				CODE_SIGN_STYLE = Automatic;
				DEVELOPMENT_TEAM = RK6ET38AYF;
				INFOPLIST_FILE = CocktailRecipes/Info.plist;
				IPHONEOS_DEPLOYMENT_TARGET = 13.5;
				LD_RUNPATH_SEARCH_PATHS = (
					"$(inherited)",
					"@executable_path/Frameworks",
				);
				PRODUCT_BUNDLE_IDENTIFIER = com.rado.CocktailRecipes;
				PRODUCT_NAME = "$(TARGET_NAME)";
				SWIFT_VERSION = 5.0;
				TARGETED_DEVICE_FAMILY = "1,2";
			};
			name = Debug;
		};
		47E38ECF24C37622002115C0 /* Release */ = {
			isa = XCBuildConfiguration;
			buildSettings = {
				ASSETCATALOG_COMPILER_APPICON_NAME = AppIcon;
				CODE_SIGN_STYLE = Automatic;
				DEVELOPMENT_TEAM = RK6ET38AYF;
				INFOPLIST_FILE = CocktailRecipes/Info.plist;
				IPHONEOS_DEPLOYMENT_TARGET = 13.5;
				LD_RUNPATH_SEARCH_PATHS = (
					"$(inherited)",
					"@executable_path/Frameworks",
				);
				PRODUCT_BUNDLE_IDENTIFIER = com.rado.CocktailRecipes;
				PRODUCT_NAME = "$(TARGET_NAME)";
				SWIFT_VERSION = 5.0;
				TARGETED_DEVICE_FAMILY = "1,2";
			};
			name = Release;
		};
		47E38ED124C37622002115C0 /* Debug */ = {
			isa = XCBuildConfiguration;
			buildSettings = {
				ALWAYS_EMBED_SWIFT_STANDARD_LIBRARIES = YES;
				BUNDLE_LOADER = "$(TEST_HOST)";
				CODE_SIGN_STYLE = Automatic;
				DEVELOPMENT_TEAM = RK6ET38AYF;
				INFOPLIST_FILE = CocktailRecipesTests/Info.plist;
				IPHONEOS_DEPLOYMENT_TARGET = 13.6;
				LD_RUNPATH_SEARCH_PATHS = (
					"$(inherited)",
					"@executable_path/Frameworks",
					"@loader_path/Frameworks",
				);
				PRODUCT_BUNDLE_IDENTIFIER = com.rado.CocktailRecipesTests;
				PRODUCT_NAME = "$(TARGET_NAME)";
				SWIFT_VERSION = 5.0;
				TARGETED_DEVICE_FAMILY = "1,2";
				TEST_HOST = "$(BUILT_PRODUCTS_DIR)/CocktailRecipes.app/CocktailRecipes";
			};
			name = Debug;
		};
		47E38ED224C37622002115C0 /* Release */ = {
			isa = XCBuildConfiguration;
			buildSettings = {
				ALWAYS_EMBED_SWIFT_STANDARD_LIBRARIES = YES;
				BUNDLE_LOADER = "$(TEST_HOST)";
				CODE_SIGN_STYLE = Automatic;
				DEVELOPMENT_TEAM = RK6ET38AYF;
				INFOPLIST_FILE = CocktailRecipesTests/Info.plist;
				IPHONEOS_DEPLOYMENT_TARGET = 13.6;
				LD_RUNPATH_SEARCH_PATHS = (
					"$(inherited)",
					"@executable_path/Frameworks",
					"@loader_path/Frameworks",
				);
				PRODUCT_BUNDLE_IDENTIFIER = com.rado.CocktailRecipesTests;
				PRODUCT_NAME = "$(TARGET_NAME)";
				SWIFT_VERSION = 5.0;
				TARGETED_DEVICE_FAMILY = "1,2";
				TEST_HOST = "$(BUILT_PRODUCTS_DIR)/CocktailRecipes.app/CocktailRecipes";
			};
			name = Release;
		};
/* End XCBuildConfiguration section */

/* Begin XCConfigurationList section */
		47E38EA924C37621002115C0 /* Build configuration list for PBXProject "CocktailRecipes" */ = {
			isa = XCConfigurationList;
			buildConfigurations = (
				47E38ECB24C37622002115C0 /* Debug */,
				47E38ECC24C37622002115C0 /* Release */,
			);
			defaultConfigurationIsVisible = 0;
			defaultConfigurationName = Release;
		};
		47E38ECD24C37622002115C0 /* Build configuration list for PBXNativeTarget "CocktailRecipes" */ = {
			isa = XCConfigurationList;
			buildConfigurations = (
				47E38ECE24C37622002115C0 /* Debug */,
				47E38ECF24C37622002115C0 /* Release */,
			);
			defaultConfigurationIsVisible = 0;
			defaultConfigurationName = Release;
		};
		47E38ED024C37622002115C0 /* Build configuration list for PBXNativeTarget "CocktailRecipesTests" */ = {
			isa = XCConfigurationList;
			buildConfigurations = (
				47E38ED124C37622002115C0 /* Debug */,
				47E38ED224C37622002115C0 /* Release */,
			);
			defaultConfigurationIsVisible = 0;
			defaultConfigurationName = Release;
		};
/* End XCConfigurationList section */
	};
	rootObject = 47E38EA624C37621002115C0 /* Project object */;
}
